
Microsoft Visual Studio Solution File, Format Version 12.00
# Visual Studio Version 17
VisualStudioVersion = 17.9.34607.119
MinimumVisualStudioVersion = 10.0.40219.1
Project("{FAE04EC0-301F-11D3-BF4B-00C04F79EFBC}") = "CondomiNext", "CondomiNext\CondomiNext.csproj", "{708069C0-53EC-4914-B3D4-62EA765C3EBA}"
EndProject
Global
	GlobalSection(SolutionConfigurationPlatforms) = preSolution
		Debug|Any CPU = Debug|Any CPU
		Release|Any CPU = Release|Any CPU
	EndGlobalSection
	GlobalSection(ProjectConfigurationPlatforms) = postSolution
		{708069C0-53EC-4914-B3D4-62EA765C3EBA}.Debug|Any CPU.ActiveCfg = Debug|Any CPU
		{708069C0-53EC-4914-B3D4-62EA765C3EBA}.Debug|Any CPU.Build.0 = Debug|Any CPU
		{708069C0-53EC-4914-B3D4-62EA765C3EBA}.Release|Any CPU.ActiveCfg = Release|Any CPU
		{708069C0-53EC-4914-B3D4-62EA765C3EBA}.Release|Any CPU.Build.0 = Release|Any CPU
	EndGlobalSection
	GlobalSection(SolutionProperties) = preSolution
		HideSolutionNode = FALSE
	EndGlobalSection
	GlobalSection(ExtensibilityGlobals) = postSolution
		SolutionGuid = {4E2EC934-0C30-41C6-ACF7-550E7D8DA0FD}
	EndGlobalSection
EndGlobal
